# This file is autogenerated, do not edit; changes may be undone by the next 'dep ensure'.


[[projects]]
  branch = "master"
  digest = "1:354b8e6be029d5daf553a634e2bb5fbb21a5bef3422fd06ee71a2419a1b74dd6"
  name = "code.cloudfoundry.org/lager"
  packages = [
    ".",
    "internal/truncate",
  ]
  pruneopts = "UT"
  revision = "54c4f2530ddeb742ce9c9ee26f5fa758d6c1b3b6"

[[projects]]
  digest = "1:cbec35fe4d5a4fba369a656a8cd65e244ea2c743007d8f6c1ccb132acf9d1296"
  name = "github.com/gorilla/mux"
  packages = ["."]
  pruneopts = "UT"
  revision = "00bdffe0f3c77e27d2cf6f5c70232a2d3e4d9c15"
  version = "v1.7.3"

[[projects]]
  digest = "1:25aff8281c1fd6ce66d192e61a8aa50ba29968fe4f6b27325b957475ba43c9e8"
  name = "github.com/pivotal-cf/brokerapi"
  packages = [
    ".",
    "auth",
    "domain",
    "domain/apiresponses",
    "handlers",
    "middlewares",
    "utils",
  ]
  pruneopts = "UT"
  revision = "68c365cab8d04af688c8fc12aea42d6d4017e8f0"
  version = "v6.0.0"

[[projects]]
  digest = "1:cf31692c14422fa27c83a05292eb5cbe0fb2775972e8f1f8446a71549bd8980b"
  name = "github.com/pkg/errors"
  packages = ["."]
  pruneopts = "UT"
  revision = "ba968bfe8b2f7e042a574c888954fccecfa385b4"
  version = "v0.8.1"

[solve-meta]
  analyzer-name = "dep"
  analyzer-version = 1
  input-imports = [
    "code.cloudfoundry.org/lager",
    "github.com/pivotal-cf/brokerapi",
  ]
  solver-name = "gps-cdcl"
  solver-version = 1
